
Microsoft Visual Studio Solution File, Format Version 12.00
# Visual Studio 15
Project("{FAE04EC0-301F-11D3-BF4B-00C04F79EFBC}") = "RestaurantCollection.WebApi", "RestaurantCollection\RestaurantCollection.WebApi.csproj", "{10D9C86B-2E65-4D0C-9CF6-B6B943C90328}"
EndProject
Project("{FAE04EC0-301F-11D3-BF4B-00C04F79EFBC}") = "RestaurantCollectionTests", "RestaurantCollectionTests\RestaurantCollectionTests.csproj", "{236141DE-4D1C-4359-B69D-61962C50E90B}"
EndProject
Global
	GlobalSection(SolutionConfigurationPlatforms) = preSolution
		Debug|Any CPU = Debug|Any CPU
		Release|Any CPU = Release|Any CPU
	EndGlobalSection
	GlobalSection(ProjectConfigurationPlatforms) = postSolution
		{10D9C86B-2E65-4D0C-9CF6-B6B943C90328}.Debug|Any CPU.ActiveCfg = Debug|Any CPU
		{10D9C86B-2E65-4D0C-9CF6-B6B943C90328}.Debug|Any CPU.Build.0 = Debug|Any CPU
		{10D9C86B-2E65-4D0C-9CF6-B6B943C90328}.Release|Any CPU.ActiveCfg = Release|Any CPU
		{10D9C86B-2E65-4D0C-9CF6-B6B943C90328}.Release|Any CPU.Build.0 = Release|Any CPU
		{236141DE-4D1C-4359-B69D-61962C50E90B}.Debug|Any CPU.ActiveCfg = Debug|Any CPU
		{236141DE-4D1C-4359-B69D-61962C50E90B}.Debug|Any CPU.Build.0 = Debug|Any CPU
		{236141DE-4D1C-4359-B69D-61962C50E90B}.Release|Any CPU.ActiveCfg = Release|Any CPU
		{236141DE-4D1C-4359-B69D-61962C50E90B}.Release|Any CPU.Build.0 = Release|Any CPU
	EndGlobalSection
EndGlobal
